
Microsoft Visual Studio Solution File, Format Version 12.00
# Visual Studio Version 17
VisualStudioVersion = 17.12.35527.113 d17.12
MinimumVisualStudioVersion = 10.0.40219.1
Project("{FAE04EC0-301F-11D3-BF4B-00C04F79EFBC}") = "OOP2", "OOP2\OOP2.csproj", "{5179314E-1C57-4DDE-BB75-4D1DB5998DF4}"
EndProject
Global
	GlobalSection(SolutionConfigurationPlatforms) = preSolution
		Debug|Any CPU = Debug|Any CPU
		Release|Any CPU = Release|Any CPU
	EndGlobalSection
	GlobalSection(ProjectConfigurationPlatforms) = postSolution
		{5179314E-1C57-4DDE-BB75-4D1DB5998DF4}.Debug|Any CPU.ActiveCfg = Debug|Any CPU
		{5179314E-1C57-4DDE-BB75-4D1DB5998DF4}.Debug|Any CPU.Build.0 = Debug|Any CPU
		{5179314E-1C57-4DDE-BB75-4D1DB5998DF4}.Release|Any CPU.ActiveCfg = Release|Any CPU
		{5179314E-1C57-4DDE-BB75-4D1DB5998DF4}.Release|Any CPU.Build.0 = Release|Any CPU
	EndGlobalSection
	GlobalSection(SolutionProperties) = preSolution
		HideSolutionNode = FALSE
	EndGlobalSection
EndGlobal
